
Microsoft Visual Studio Solution File, Format Version 12.00
# Visual Studio Version 17
VisualStudioVersion = 17.7.34024.191
MinimumVisualStudioVersion = 10.0.40219.1
Project("{FAE04EC0-301F-11D3-BF4B-00C04F79EFBC}") = "Milestone3", "Milestone3\Milestone3.csproj", "{B88F5A6C-6C29-479F-AED8-2E247FDE9324}"
EndProject
Global
	GlobalSection(SolutionConfigurationPlatforms) = preSolution
		Debug|Any CPU = Debug|Any CPU
		Release|Any CPU = Release|Any CPU
	EndGlobalSection
	GlobalSection(ProjectConfigurationPlatforms) = postSolution
		{B88F5A6C-6C29-479F-AED8-2E247FDE9324}.Debug|Any CPU.ActiveCfg = Debug|Any CPU
		{B88F5A6C-6C29-479F-AED8-2E247FDE9324}.Debug|Any CPU.Build.0 = Debug|Any CPU
		{B88F5A6C-6C29-479F-AED8-2E247FDE9324}.Release|Any CPU.ActiveCfg = Release|Any CPU
		{B88F5A6C-6C29-479F-AED8-2E247FDE9324}.Release|Any CPU.Build.0 = Release|Any CPU
	EndGlobalSection
	GlobalSection(SolutionProperties) = preSolution
		HideSolutionNode = FALSE
	EndGlobalSection
	GlobalSection(ExtensibilityGlobals) = postSolution
		SolutionGuid = {249A8147-C641-4037-A9CB-F98247AD7A87}
	EndGlobalSection
EndGlobal
